
Microsoft Visual Studio Solution File, Format Version 12.00
# Visual Studio Version 17
VisualStudioVersion = 17.8.34330.188
MinimumVisualStudioVersion = 10.0.40219.1
Project("{FAE04EC0-301F-11D3-BF4B-00C04F79EFBC}") = "AspMvcProject", "AspMvcProject.csproj", "{78C12356-1B97-448E-9C2E-1B23A6899BE3}"
EndProject
Global
	GlobalSection(SolutionConfigurationPlatforms) = preSolution
		Debug|Any CPU = Debug|Any CPU
		Release|Any CPU = Release|Any CPU
	EndGlobalSection
	GlobalSection(ProjectConfigurationPlatforms) = postSolution
		{78C12356-1B97-448E-9C2E-1B23A6899BE3}.Debug|Any CPU.ActiveCfg = Debug|Any CPU
		{78C12356-1B97-448E-9C2E-1B23A6899BE3}.Debug|Any CPU.Build.0 = Debug|Any CPU
		{78C12356-1B97-448E-9C2E-1B23A6899BE3}.Release|Any CPU.ActiveCfg = Release|Any CPU
		{78C12356-1B97-448E-9C2E-1B23A6899BE3}.Release|Any CPU.Build.0 = Release|Any CPU
	EndGlobalSection
	GlobalSection(SolutionProperties) = preSolution
		HideSolutionNode = FALSE
	EndGlobalSection
	GlobalSection(ExtensibilityGlobals) = postSolution
		SolutionGuid = {82F4F0A3-653C-449F-AC89-488C549E70E8}
	EndGlobalSection
EndGlobal
